# This file was autogenerated by Stack.
# You should not edit this file by hand.
# For more information, please see the documentation at:
#   https://docs.haskellstack.org/en/stable/lock_files

packages:
- completed:
    hackage: fltkhs-0.8.0.3@sha256:90046b0e95d6859aafe0d333876ced95f71f73e5c43173d5a64189350b461b5d,14196
    pantry-tree:
      size: 34926
      sha256: 6538e350bf1633d4b846c7b0fdab33efe8526cefa8d2b21ab5e10033a4175cd1
  original:
    hackage: fltkhs-0.8.0.3
snapshots:
- completed:
    size: 488576
    url: https://raw.githubusercontent.com/commercialhaskell/stackage-snapshots/master/lts/15/0.yaml
    sha256: e4b6a87b47ec1cf63a7f1a0884a3b276fce2b0d174a10e8753c4f618e7983568
  original: lts-15.0
