# This file was autogenerated by Stack.
# You should not edit this file by hand.
# For more information, please see the documentation at:
#   https://docs.haskellstack.org/en/stable/lock_files

packages: []
snapshots:
- completed:
    sha256: 2b54dab52718c316413ffda74058ceee837946be8bdf321e3bc99aee8abfb64c
    size: 636695
    url: https://raw.githubusercontent.com/commercialhaskell/stackage-snapshots/master/nightly/2022/9/17.yaml
  original: nightly-2022-09-17
